
Microsoft Visual Studio Solution File, Format Version 12.00
# Visual Studio Version 16
VisualStudioVersion = 16.0.30204.135
MinimumVisualStudioVersion = 10.0.40219.1
Project("{FAE04EC0-301F-11D3-BF4B-00C04F79EFBC}") = "SercanTestCheckout", "SercanTestCheckout\SercanTestCheckout.csproj", "{52DEFADE-BCEE-42DD-A989-2F39E87604E0}"
EndProject
Global
	GlobalSection(SolutionConfigurationPlatforms) = preSolution
		Debug|Any CPU = Debug|Any CPU
		Release|Any CPU = Release|Any CPU
	EndGlobalSection
	GlobalSection(ProjectConfigurationPlatforms) = postSolution
		{52DEFADE-BCEE-42DD-A989-2F39E87604E0}.Debug|Any CPU.ActiveCfg = Debug|Any CPU
		{52DEFADE-BCEE-42DD-A989-2F39E87604E0}.Debug|Any CPU.Build.0 = Debug|Any CPU
		{52DEFADE-BCEE-42DD-A989-2F39E87604E0}.Release|Any CPU.ActiveCfg = Release|Any CPU
		{52DEFADE-BCEE-42DD-A989-2F39E87604E0}.Release|Any CPU.Build.0 = Release|Any CPU
	EndGlobalSection
	GlobalSection(SolutionProperties) = preSolution
		HideSolutionNode = FALSE
	EndGlobalSection
	GlobalSection(ExtensibilityGlobals) = postSolution
		SolutionGuid = {6708918D-3C63-4C0C-AC88-A8992BF0BCAD}
	EndGlobalSection
EndGlobal
